
Microsoft Visual Studio Solution File, Format Version 12.00
# Visual Studio Version 16
VisualStudioVersion = 16.0.31624.102
MinimumVisualStudioVersion = 10.0.40219.1
Project("{8BC9CEB8-8B4A-11D0-8D11-00A0C91BC942}") = "ConsoleApplication1", "ConsoleApplication1.vcxproj", "{7B8735A6-A250-43A1-BEB8-F8C1E17598DC}"
EndProject
Global
	GlobalSection(SolutionConfigurationPlatforms) = preSolution
		Debug|x64 = Debug|x64
		Debug|x86 = Debug|x86
		Release|x64 = Release|x64
		Release|x86 = Release|x86
	EndGlobalSection
	GlobalSection(ProjectConfigurationPlatforms) = postSolution
		{7B8735A6-A250-43A1-BEB8-F8C1E17598DC}.Debug|x64.ActiveCfg = Debug|x64
		{7B8735A6-A250-43A1-BEB8-F8C1E17598DC}.Debug|x64.Build.0 = Debug|x64
		{7B8735A6-A250-43A1-BEB8-F8C1E17598DC}.Debug|x86.ActiveCfg = Debug|Win32
		{7B8735A6-A250-43A1-BEB8-F8C1E17598DC}.Debug|x86.Build.0 = Debug|Win32
		{7B8735A6-A250-43A1-BEB8-F8C1E17598DC}.Release|x64.ActiveCfg = Release|x64
		{7B8735A6-A250-43A1-BEB8-F8C1E17598DC}.Release|x64.Build.0 = Release|x64
		{7B8735A6-A250-43A1-BEB8-F8C1E17598DC}.Release|x86.ActiveCfg = Release|Win32
		{7B8735A6-A250-43A1-BEB8-F8C1E17598DC}.Release|x86.Build.0 = Release|Win32
	EndGlobalSection
	GlobalSection(SolutionProperties) = preSolution
		HideSolutionNode = FALSE
	EndGlobalSection
	GlobalSection(ExtensibilityGlobals) = postSolution
		SolutionGuid = {FE75F422-F323-435C-81D3-B4EA9FD5C8AB}
	EndGlobalSection
EndGlobal
